// !$*UTF8*$!
{
	archiveVersion = 1;
	classes = {
	};
	objectVersion = 51;
	objects = {

/* Begin PBXBuildFile section */
		1A418C3E23B43E10001E71BA /* Settings.storyboard in Resources */ = {isa = PBXBuildFile; fileRef = 1A418C3C23B43E10001E71BA /* Settings.storyboard */; };
		1A83BCAF23B85FC5006B98C7 /* SettingsTableViewCell.swift in Sources */ = {isa = PBXBuildFile; fileRef = 1A83BCAE23B85FC5006B98C7 /* SettingsTableViewCell.swift */; };
		1A83BCB123B864A0006B98C7 /* SavedLoanTableViewController.swift in Sources */ = {isa = PBXBuildFile; fileRef = 1A83BCB023B864A0006B98C7 /* SavedLoanTableViewController.swift */; };
		1A83BCB323B8673F006B98C7 /* DarkModdeTableViewCell.swift in Sources */ = {isa = PBXBuildFile; fileRef = 1A83BCB223B8673F006B98C7 /* DarkModdeTableViewCell.swift */; };
		1A933B7C23ADD6FD00F11227 /* AppDelegate.swift in Sources */ = {isa = PBXBuildFile; fileRef = 1A933B7B23ADD6FD00F11227 /* AppDelegate.swift */; };
		1A933B7E23ADD6FD00F11227 /* SceneDelegate.swift in Sources */ = {isa = PBXBuildFile; fileRef = 1A933B7D23ADD6FD00F11227 /* SceneDelegate.swift */; };
		1A933B8323ADD6FD00F11227 /* Main.storyboard in Resources */ = {isa = PBXBuildFile; fileRef = 1A933B8123ADD6FD00F11227 /* Main.storyboard */; };
		1A933B8523ADD6FD00F11227 /* Assets.xcassets in Resources */ = {isa = PBXBuildFile; fileRef = 1A933B8423ADD6FD00F11227 /* Assets.xcassets */; };
		1A933B8823ADD6FD00F11227 /* LaunchScreen.storyboard in Resources */ = {isa = PBXBuildFile; fileRef = 1A933B8623ADD6FD00F11227 /* LaunchScreen.storyboard */; };
		1A9D106023BB2F560041C051 /* RatesTableViewController.swift in Sources */ = {isa = PBXBuildFile; fileRef = 1A9D105F23BB2F560041C051 /* RatesTableViewController.swift */; };
		1ABA6D6F23B80AC00003AB12 /* MortgageCalcViewController.swift in Sources */ = {isa = PBXBuildFile; fileRef = 1ABA6D6E23B80AC00003AB12 /* MortgageCalcViewController.swift */; };
		1AE48FAA23B8448E00463715 /* SettingsTableViewController.swift in Sources */ = {isa = PBXBuildFile; fileRef = 1AE48FA923B8448E00463715 /* SettingsTableViewController.swift */; };
		4986311BACD8D47D96AB4BB2 /* Pods_Inside_Mortgage.framework in Frameworks */ = {isa = PBXBuildFile; fileRef = D27047D738DB359E69FF1923 /* Pods_Inside_Mortgage.framework */; };
/* End PBXBuildFile section */

/* Begin PBXCopyFilesBuildPhase section */
		1ADEBBBA23B802040083F744 /* Embed Frameworks */ = {
			isa = PBXCopyFilesBuildPhase;
			buildActionMask = 2147483647;
			dstPath = "";
			dstSubfolderSpec = 10;
			files = (
			);
			name = "Embed Frameworks";
			runOnlyForDeploymentPostprocessing = 0;
		};
/* End PBXCopyFilesBuildPhase section */

/* Begin PBXFileReference section */
		1A418C3D23B43E10001E71BA /* Base */ = {isa = PBXFileReference; lastKnownFileType = file.storyboard; name = Base; path = "Inside Mortgage/Views/Base.lproj/Settings.storyboard"; sourceTree = "<group>"; };
		1A83BCAE23B85FC5006B98C7 /* SettingsTableViewCell.swift */ = {isa = PBXFileReference; lastKnownFileType = sourcecode.swift; path = SettingsTableViewCell.swift; sourceTree = "<group>"; };
		1A83BCB023B864A0006B98C7 /* SavedLoanTableViewController.swift */ = {isa = PBXFileReference; lastKnownFileType = sourcecode.swift; path = SavedLoanTableViewController.swift; sourceTree = "<group>"; };
		1A83BCB223B8673F006B98C7 /* DarkModdeTableViewCell.swift */ = {isa = PBXFileReference; lastKnownFileType = sourcecode.swift; path = DarkModdeTableViewCell.swift; sourceTree = "<group>"; };
		1A933B7823ADD6FD00F11227 /* Inside Mortgage.app */ = {isa = PBXFileReference; explicitFileType = wrapper.application; includeInIndex = 0; path = "Inside Mortgage.app"; sourceTree = BUILT_PRODUCTS_DIR; };
		1A933B7B23ADD6FD00F11227 /* AppDelegate.swift */ = {isa = PBXFileReference; lastKnownFileType = sourcecode.swift; path = AppDelegate.swift; sourceTree = "<group>"; };
		1A933B7D23ADD6FD00F11227 /* SceneDelegate.swift */ = {isa = PBXFileReference; lastKnownFileType = sourcecode.swift; path = SceneDelegate.swift; sourceTree = "<group>"; };
		1A933B8223ADD6FD00F11227 /* Base */ = {isa = PBXFileReference; lastKnownFileType = file.storyboard; name = Base; path = Base.lproj/Main.storyboard; sourceTree = "<group>"; };
		1A933B8423ADD6FD00F11227 /* Assets.xcassets */ = {isa = PBXFileReference; lastKnownFileType = folder.assetcatalog; path = Assets.xcassets; sourceTree = "<group>"; };
		1A933B8723ADD6FD00F11227 /* Base */ = {isa = PBXFileReference; lastKnownFileType = file.storyboard; name = Base; path = Base.lproj/LaunchScreen.storyboard; sourceTree = "<group>"; };
		1A933B8923ADD6FD00F11227 /* Info.plist */ = {isa = PBXFileReference; lastKnownFileType = text.plist.xml; path = Info.plist; sourceTree = "<group>"; };
		1A9D105F23BB2F560041C051 /* RatesTableViewController.swift */ = {isa = PBXFileReference; lastKnownFileType = sourcecode.swift; path = RatesTableViewController.swift; sourceTree = "<group>"; };
		1ABA6D6E23B80AC00003AB12 /* MortgageCalcViewController.swift */ = {isa = PBXFileReference; lastKnownFileType = sourcecode.swift; path = MortgageCalcViewController.swift; sourceTree = "<group>"; };
		1AE48FA923B8448E00463715 /* SettingsTableViewController.swift */ = {isa = PBXFileReference; lastKnownFileType = sourcecode.swift; path = SettingsTableViewController.swift; sourceTree = "<group>"; };
		916485C4A335678FC00440CF /* Pods-Inside Mortgage.release.xcconfig */ = {isa = PBXFileReference; includeInIndex = 1; lastKnownFileType = text.xcconfig; name = "Pods-Inside Mortgage.release.xcconfig"; path = "Target Support Files/Pods-Inside Mortgage/Pods-Inside Mortgage.release.xcconfig"; sourceTree = "<group>"; };
		B999119013A5AC9BC5FDB336 /* Pods-Inside Mortgage.debug.xcconfig */ = {isa = PBXFileReference; includeInIndex = 1; lastKnownFileType = text.xcconfig; name = "Pods-Inside Mortgage.debug.xcconfig"; path = "Target Support Files/Pods-Inside Mortgage/Pods-Inside Mortgage.debug.xcconfig"; sourceTree = "<group>"; };
		D27047D738DB359E69FF1923 /* Pods_Inside_Mortgage.framework */ = {isa = PBXFileReference; explicitFileType = wrapper.framework; includeInIndex = 0; path = Pods_Inside_Mortgage.framework; sourceTree = BUILT_PRODUCTS_DIR; };
/* End PBXFileReference section */

/* Begin PBXFrameworksBuildPhase section */
		1A933B7523ADD6FD00F11227 /* Frameworks */ = {
			isa = PBXFrameworksBuildPhase;
			buildActionMask = 2147483647;
			files = (
				4986311BACD8D47D96AB4BB2 /* Pods_Inside_Mortgage.framework in Frameworks */,
			);
			runOnlyForDeploymentPostprocessing = 0;
		};
/* End PBXFrameworksBuildPhase section */

/* Begin PBXGroup section */
		1A15FD5E23B58D3C003B0079 /* Model */ = {
			isa = PBXGroup;
			children = (
			);
			path = Model;
			sourceTree = "<group>";
		};
		1A15FD5F23B58D43003B0079 /* Controllers */ = {
			isa = PBXGroup;
			children = (
				1AE48FA623B842D500463715 /* Model Controllers */,
				1ABA6D6D23B80AA70003AB12 /* View Controllers */,
			);
			path = Controllers;
			sourceTree = "<group>";
		};
		1A933B6F23ADD6FD00F11227 = {
			isa = PBXGroup;
			children = (
				1A933B7A23ADD6FD00F11227 /* Inside Mortgage */,
				1A933B7923ADD6FD00F11227 /* Products */,
				54ECBD4863618C227CFE0CB4 /* Pods */,
				D271E907CB9DA3513FF4ADC1 /* Frameworks */,
			);
			sourceTree = "<group>";
		};
		1A933B7923ADD6FD00F11227 /* Products */ = {
			isa = PBXGroup;
			children = (
				1A933B7823ADD6FD00F11227 /* Inside Mortgage.app */,
			);
			name = Products;
			sourceTree = "<group>";
		};
		1A933B7A23ADD6FD00F11227 /* Inside Mortgage */ = {
			isa = PBXGroup;
			children = (
				1A15FD5F23B58D43003B0079 /* Controllers */,
				1A15FD5E23B58D3C003B0079 /* Model */,
				1A933B8F23ADD70E00F11227 /* Resources */,
				1A933B9023ADD71D00F11227 /* Views */,
			);
			path = "Inside Mortgage";
			sourceTree = "<group>";
		};
		1A933B8F23ADD70E00F11227 /* Resources */ = {
			isa = PBXGroup;
			children = (
				1A933B7B23ADD6FD00F11227 /* AppDelegate.swift */,
				1A933B7D23ADD6FD00F11227 /* SceneDelegate.swift */,
				1A933B8423ADD6FD00F11227 /* Assets.xcassets */,
				1A933B8623ADD6FD00F11227 /* LaunchScreen.storyboard */,
				1A933B8923ADD6FD00F11227 /* Info.plist */,
			);
			path = Resources;
			sourceTree = "<group>";
		};
		1A933B9023ADD71D00F11227 /* Views */ = {
			isa = PBXGroup;
			children = (
				1A933B8123ADD6FD00F11227 /* Main.storyboard */,
				1A418C3C23B43E10001E71BA /* Settings.storyboard */,
				1A83BCAE23B85FC5006B98C7 /* SettingsTableViewCell.swift */,
				1A83BCB223B8673F006B98C7 /* DarkModdeTableViewCell.swift */,
			);
			path = Views;
			sourceTree = "<group>";
		};
		1ABA6D6D23B80AA70003AB12 /* View Controllers */ = {
			isa = PBXGroup;
			children = (
				1ABA6D6E23B80AC00003AB12 /* MortgageCalcViewController.swift */,
				1AE48FA923B8448E00463715 /* SettingsTableViewController.swift */,
				1A83BCB023B864A0006B98C7 /* SavedLoanTableViewController.swift */,
				1A9D105F23BB2F560041C051 /* RatesTableViewController.swift */,
			);
			path = "View Controllers";
			sourceTree = "<group>";
		};
		1AE48FA623B842D500463715 /* Model Controllers */ = {
			isa = PBXGroup;
			children = (
			);
			path = "Model Controllers";
			sourceTree = "<group>";
		};
		54ECBD4863618C227CFE0CB4 /* Pods */ = {
			isa = PBXGroup;
			children = (
				B999119013A5AC9BC5FDB336 /* Pods-Inside Mortgage.debug.xcconfig */,
				916485C4A335678FC00440CF /* Pods-Inside Mortgage.release.xcconfig */,
			);
			path = Pods;
			sourceTree = "<group>";
		};
		D271E907CB9DA3513FF4ADC1 /* Frameworks */ = {
			isa = PBXGroup;
			children = (
				D27047D738DB359E69FF1923 /* Pods_Inside_Mortgage.framework */,
			);
			name = Frameworks;
			sourceTree = "<group>";
		};
/* End PBXGroup section */

/* Begin PBXNativeTarget section */
		1A933B7723ADD6FD00F11227 /* Inside Mortgage */ = {
			isa = PBXNativeTarget;
			buildConfigurationList = 1A933B8C23ADD6FD00F11227 /* Build configuration list for PBXNativeTarget "Inside Mortgage" */;
			buildPhases = (
				5A950FE0DDB5CA557AA88E95 /* [CP] Check Pods Manifest.lock */,
				1A933B7423ADD6FD00F11227 /* Sources */,
				1A933B7523ADD6FD00F11227 /* Frameworks */,
				1A933B7623ADD6FD00F11227 /* Resources */,
				1ADEBBBA23B802040083F744 /* Embed Frameworks */,
				F963B487F58F253BC8FB0CD9 /* [CP] Embed Pods Frameworks */,
			);
			buildRules = (
			);
			dependencies = (
			);
			name = "Inside Mortgage";
			productName = "Inside Mortgage";
			productReference = 1A933B7823ADD6FD00F11227 /* Inside Mortgage.app */;
			productType = "com.apple.product-type.application";
		};
/* End PBXNativeTarget section */

/* Begin PBXProject section */
		1A933B7023ADD6FD00F11227 /* Project object */ = {
			isa = PBXProject;
			attributes = {
				LastSwiftUpdateCheck = 1120;
				LastUpgradeCheck = 1120;
				ORGANIZATIONNAME = "Aaron Cleveland";
				TargetAttributes = {
					1A933B7723ADD6FD00F11227 = {
						CreatedOnToolsVersion = 11.2.1;
					};
				};
			};
			buildConfigurationList = 1A933B7323ADD6FD00F11227 /* Build configuration list for PBXProject "Inside Mortgage" */;
			compatibilityVersion = "Xcode 9.3";
			developmentRegion = en;
			hasScannedForEncodings = 0;
			knownRegions = (
				en,
				Base,
			);
			mainGroup = 1A933B6F23ADD6FD00F11227;
			productRefGroup = 1A933B7923ADD6FD00F11227 /* Products */;
			projectDirPath = "";
			projectRoot = "";
			targets = (
				1A933B7723ADD6FD00F11227 /* Inside Mortgage */,
			);
		};
/* End PBXProject section */

/* Begin PBXResourcesBuildPhase section */
		1A933B7623ADD6FD00F11227 /* Resources */ = {
			isa = PBXResourcesBuildPhase;
			buildActionMask = 2147483647;
			files = (
				1A933B8823ADD6FD00F11227 /* LaunchScreen.storyboard in Resources */,
				1A933B8523ADD6FD00F11227 /* Assets.xcassets in Resources */,
				1A933B8323ADD6FD00F11227 /* Main.storyboard in Resources */,
				1A418C3E23B43E10001E71BA /* Settings.storyboard in Resources */,
			);
			runOnlyForDeploymentPostprocessing = 0;
		};
/* End PBXResourcesBuildPhase section */

/* Begin PBXShellScriptBuildPhase section */
		5A950FE0DDB5CA557AA88E95 /* [CP] Check Pods Manifest.lock */ = {
			isa = PBXShellScriptBuildPhase;
			buildActionMask = 2147483647;
			files = (
			);
			inputFileListPaths = (
			);
			inputPaths = (
				"${PODS_PODFILE_DIR_PATH}/Podfile.lock",
				"${PODS_ROOT}/Manifest.lock",
			);
			name = "[CP] Check Pods Manifest.lock";
			outputFileListPaths = (
			);
			outputPaths = (
				"$(DERIVED_FILE_DIR)/Pods-Inside Mortgage-checkManifestLockResult.txt",
			);
			runOnlyForDeploymentPostprocessing = 0;
			shellPath = /bin/sh;
			shellScript = "diff \"${PODS_PODFILE_DIR_PATH}/Podfile.lock\" \"${PODS_ROOT}/Manifest.lock\" > /dev/null\nif [ $? != 0 ] ; then\n    # print error to STDERR\n    echo \"error: The sandbox is not in sync with the Podfile.lock. Run 'pod install' or update your CocoaPods installation.\" >&2\n    exit 1\nfi\n# This output is used by Xcode 'outputs' to avoid re-running this script phase.\necho \"SUCCESS\" > \"${SCRIPT_OUTPUT_FILE_0}\"\n";
			showEnvVarsInLog = 0;
		};
		F963B487F58F253BC8FB0CD9 /* [CP] Embed Pods Frameworks */ = {
			isa = PBXShellScriptBuildPhase;
			buildActionMask = 2147483647;
			files = (
			);
			inputFileListPaths = (
				"${PODS_ROOT}/Target Support Files/Pods-Inside Mortgage/Pods-Inside Mortgage-frameworks-${CONFIGURATION}-input-files.xcfilelist",
			);
			name = "[CP] Embed Pods Frameworks";
			outputFileListPaths = (
				"${PODS_ROOT}/Target Support Files/Pods-Inside Mortgage/Pods-Inside Mortgage-frameworks-${CONFIGURATION}-output-files.xcfilelist",
			);
			runOnlyForDeploymentPostprocessing = 0;
			shellPath = /bin/sh;
			shellScript = "\"${PODS_ROOT}/Target Support Files/Pods-Inside Mortgage/Pods-Inside Mortgage-frameworks.sh\"\n";
			showEnvVarsInLog = 0;
		};
/* End PBXShellScriptBuildPhase section */

/* Begin PBXSourcesBuildPhase section */
		1A933B7423ADD6FD00F11227 /* Sources */ = {
			isa = PBXSourcesBuildPhase;
			buildActionMask = 2147483647;
			files = (
				1AE48FAA23B8448E00463715 /* SettingsTableViewController.swift in Sources */,
				1A933B7C23ADD6FD00F11227 /* AppDelegate.swift in Sources */,
				1A933B7E23ADD6FD00F11227 /* SceneDelegate.swift in Sources */,
				1A83BCB323B8673F006B98C7 /* DarkModdeTableViewCell.swift in Sources */,
				1A83BCAF23B85FC5006B98C7 /* SettingsTableViewCell.swift in Sources */,
				1ABA6D6F23B80AC00003AB12 /* MortgageCalcViewController.swift in Sources */,
				1A83BCB123B864A0006B98C7 /* SavedLoanTableViewController.swift in Sources */,
				1A9D106023BB2F560041C051 /* RatesTableViewController.swift in Sources */,
			);
			runOnlyForDeploymentPostprocessing = 0;
		};
/* End PBXSourcesBuildPhase section */

/* Begin PBXVariantGroup section */
		1A418C3C23B43E10001E71BA /* Settings.storyboard */ = {
			isa = PBXVariantGroup;
			children = (
				1A418C3D23B43E10001E71BA /* Base */,
			);
			name = Settings.storyboard;
			sourceTree = "<group>";
		};
		1A933B8123ADD6FD00F11227 /* Main.storyboard */ = {
			isa = PBXVariantGroup;
			children = (
				1A933B8223ADD6FD00F11227 /* Base */,
			);
			name = Main.storyboard;
			sourceTree = "<group>";
		};
		1A933B8623ADD6FD00F11227 /* LaunchScreen.storyboard */ = {
			isa = PBXVariantGroup;
			children = (
				1A933B8723ADD6FD00F11227 /* Base */,
			);
			name = LaunchScreen.storyboard;
			sourceTree = "<group>";
		};
/* End PBXVariantGroup section */

/* Begin XCBuildConfiguration section */
		1A933B8A23ADD6FD00F11227 /* Debug */ = {
			isa = XCBuildConfiguration;
			buildSettings = {
				ALWAYS_SEARCH_USER_PATHS = NO;
				CLANG_ANALYZER_NONNULL = YES;
				CLANG_ANALYZER_NUMBER_OBJECT_CONVERSION = YES_AGGRESSIVE;
				CLANG_CXX_LANGUAGE_STANDARD = "gnu++14";
				CLANG_CXX_LIBRARY = "libc++";
				CLANG_ENABLE_MODULES = YES;
				CLANG_ENABLE_OBJC_ARC = YES;
				CLANG_ENABLE_OBJC_WEAK = YES;
				CLANG_WARN_BLOCK_CAPTURE_AUTORELEASING = YES;
				CLANG_WARN_BOOL_CONVERSION = YES;
				CLANG_WARN_COMMA = YES;
				CLANG_WARN_CONSTANT_CONVERSION = YES;
				CLANG_WARN_DEPRECATED_OBJC_IMPLEMENTATIONS = YES;
				CLANG_WARN_DIRECT_OBJC_ISA_USAGE = YES_ERROR;
				CLANG_WARN_DOCUMENTATION_COMMENTS = YES;
				CLANG_WARN_EMPTY_BODY = YES;
				CLANG_WARN_ENUM_CONVERSION = YES;
				CLANG_WARN_INFINITE_RECURSION = YES;
				CLANG_WARN_INT_CONVERSION = YES;
				CLANG_WARN_NON_LITERAL_NULL_CONVERSION = YES;
				CLANG_WARN_OBJC_IMPLICIT_RETAIN_SELF = YES;
				CLANG_WARN_OBJC_LITERAL_CONVERSION = YES;
				CLANG_WARN_OBJC_ROOT_CLASS = YES_ERROR;
				CLANG_WARN_RANGE_LOOP_ANALYSIS = YES;
				CLANG_WARN_STRICT_PROTOTYPES = YES;
				CLANG_WARN_SUSPICIOUS_MOVE = YES;
				CLANG_WARN_UNGUARDED_AVAILABILITY = YES_AGGRESSIVE;
				CLANG_WARN_UNREACHABLE_CODE = YES;
				CLANG_WARN__DUPLICATE_METHOD_MATCH = YES;
				COPY_PHASE_STRIP = NO;
				DEBUG_INFORMATION_FORMAT = dwarf;
				ENABLE_STRICT_OBJC_MSGSEND = YES;
				ENABLE_TESTABILITY = YES;
				GCC_C_LANGUAGE_STANDARD = gnu11;
				GCC_DYNAMIC_NO_PIC = NO;
				GCC_NO_COMMON_BLOCKS = YES;
				GCC_OPTIMIZATION_LEVEL = 0;
				GCC_PREPROCESSOR_DEFINITIONS = (
					"DEBUG=1",
					"$(inherited)",
				);
				GCC_WARN_64_TO_32_BIT_CONVERSION = YES;
				GCC_WARN_ABOUT_RETURN_TYPE = YES_ERROR;
				GCC_WARN_UNDECLARED_SELECTOR = YES;
				GCC_WARN_UNINITIALIZED_AUTOS = YES_AGGRESSIVE;
				GCC_WARN_UNUSED_FUNCTION = YES;
				GCC_WARN_UNUSED_VARIABLE = YES;
				IPHONEOS_DEPLOYMENT_TARGET = 13.2;
				MTL_ENABLE_DEBUG_INFO = INCLUDE_SOURCE;
				MTL_FAST_MATH = YES;
				ONLY_ACTIVE_ARCH = YES;
				SDKROOT = iphoneos;
				SWIFT_ACTIVE_COMPILATION_CONDITIONS = DEBUG;
				SWIFT_OPTIMIZATION_LEVEL = "-Onone";
			};
			name = Debug;
		};
		1A933B8B23ADD6FD00F11227 /* Release */ = {
			isa = XCBuildConfiguration;
			buildSettings = {
				ALWAYS_SEARCH_USER_PATHS = NO;
				CLANG_ANALYZER_NONNULL = YES;
				CLANG_ANALYZER_NUMBER_OBJECT_CONVERSION = YES_AGGRESSIVE;
				CLANG_CXX_LANGUAGE_STANDARD = "gnu++14";
				CLANG_CXX_LIBRARY = "libc++";
				CLANG_ENABLE_MODULES = YES;
				CLANG_ENABLE_OBJC_ARC = YES;
				CLANG_ENABLE_OBJC_WEAK = YES;
				CLANG_WARN_BLOCK_CAPTURE_AUTORELEASING = YES;
				CLANG_WARN_BOOL_CONVERSION = YES;
				CLANG_WARN_COMMA = YES;
				CLANG_WARN_CONSTANT_CONVERSION = YES;
				CLANG_WARN_DEPRECATED_OBJC_IMPLEMENTATIONS = YES;
				CLANG_WARN_DIRECT_OBJC_ISA_USAGE = YES_ERROR;
				CLANG_WARN_DOCUMENTATION_COMMENTS = YES;
				CLANG_WARN_EMPTY_BODY = YES;
				CLANG_WARN_ENUM_CONVERSION = YES;
				CLANG_WARN_INFINITE_RECURSION = YES;
				CLANG_WARN_INT_CONVERSION = YES;
				CLANG_WARN_NON_LITERAL_NULL_CONVERSION = YES;
				CLANG_WARN_OBJC_IMPLICIT_RETAIN_SELF = YES;
				CLANG_WARN_OBJC_LITERAL_CONVERSION = YES;
				CLANG_WARN_OBJC_ROOT_CLASS = YES_ERROR;
				CLANG_WARN_RANGE_LOOP_ANALYSIS = YES;
				CLANG_WARN_STRICT_PROTOTYPES = YES;
				CLANG_WARN_SUSPICIOUS_MOVE = YES;
				CLANG_WARN_UNGUARDED_AVAILABILITY = YES_AGGRESSIVE;
				CLANG_WARN_UNREACHABLE_CODE = YES;
				CLANG_WARN__DUPLICATE_METHOD_MATCH = YES;
				COPY_PHASE_STRIP = NO;
				DEBUG_INFORMATION_FORMAT = "dwarf-with-dsym";
				ENABLE_NS_ASSERTIONS = NO;
				ENABLE_STRICT_OBJC_MSGSEND = YES;
				GCC_C_LANGUAGE_STANDARD = gnu11;
				GCC_NO_COMMON_BLOCKS = YES;
				GCC_WARN_64_TO_32_BIT_CONVERSION = YES;
				GCC_WARN_ABOUT_RETURN_TYPE = YES_ERROR;
				GCC_WARN_UNDECLARED_SELECTOR = YES;
				GCC_WARN_UNINITIALIZED_AUTOS = YES_AGGRESSIVE;
				GCC_WARN_UNUSED_FUNCTION = YES;
				GCC_WARN_UNUSED_VARIABLE = YES;
				IPHONEOS_DEPLOYMENT_TARGET = 13.2;
				MTL_ENABLE_DEBUG_INFO = NO;
				MTL_FAST_MATH = YES;
				SDKROOT = iphoneos;
				SWIFT_COMPILATION_MODE = wholemodule;
				SWIFT_OPTIMIZATION_LEVEL = "-O";
				VALIDATE_PRODUCT = YES;
			};
			name = Release;
		};
		1A933B8D23ADD6FD00F11227 /* Debug */ = {
			isa = XCBuildConfiguration;
			baseConfigurationReference = B999119013A5AC9BC5FDB336 /* Pods-Inside Mortgage.debug.xcconfig */;
			buildSettings = {
				ASSETCATALOG_COMPILER_APPICON_NAME = AppIcon;
				CODE_SIGN_STYLE = Automatic;
				DEVELOPMENT_TEAM = 6SYENEWMJ7;
				INFOPLIST_FILE = "$(SRCROOT)/Inside Mortgage/Resources/Info.plist";
				LD_RUNPATH_SEARCH_PATHS = (
					"$(inherited)",
					"@executable_path/Frameworks",
				);
				PRODUCT_BUNDLE_IDENTIFIER = "com.AaronCleveland.Inside-Mortgage";
				PRODUCT_NAME = "$(TARGET_NAME)";
				SWIFT_VERSION = 5.0;
				TARGETED_DEVICE_FAMILY = "1,2";
			};
			name = Debug;
		};
		1A933B8E23ADD6FD00F11227 /* Release */ = {
			isa = XCBuildConfiguration;
			baseConfigurationReference = 916485C4A335678FC00440CF /* Pods-Inside Mortgage.release.xcconfig */;
			buildSettings = {
				ASSETCATALOG_COMPILER_APPICON_NAME = AppIcon;
				CODE_SIGN_STYLE = Automatic;
				DEVELOPMENT_TEAM = 6SYENEWMJ7;
				INFOPLIST_FILE = "$(SRCROOT)/Inside Mortgage/Resources/Info.plist";
				LD_RUNPATH_SEARCH_PATHS = (
					"$(inherited)",
					"@executable_path/Frameworks",
				);
				PRODUCT_BUNDLE_IDENTIFIER = "com.AaronCleveland.Inside-Mortgage";
				PRODUCT_NAME = "$(TARGET_NAME)";
				SWIFT_VERSION = 5.0;
				TARGETED_DEVICE_FAMILY = "1,2";
			};
			name = Release;
		};
/* End XCBuildConfiguration section */

/* Begin XCConfigurationList section */
		1A933B7323ADD6FD00F11227 /* Build configuration list for PBXProject "Inside Mortgage" */ = {
			isa = XCConfigurationList;
			buildConfigurations = (
				1A933B8A23ADD6FD00F11227 /* Debug */,
				1A933B8B23ADD6FD00F11227 /* Release */,
			);
			defaultConfigurationIsVisible = 0;
			defaultConfigurationName = Release;
		};
		1A933B8C23ADD6FD00F11227 /* Build configuration list for PBXNativeTarget "Inside Mortgage" */ = {
			isa = XCConfigurationList;
			buildConfigurations = (
				1A933B8D23ADD6FD00F11227 /* Debug */,
				1A933B8E23ADD6FD00F11227 /* Release */,
			);
			defaultConfigurationIsVisible = 0;
			defaultConfigurationName = Release;
		};
/* End XCConfigurationList section */
	};
	rootObject = 1A933B7023ADD6FD00F11227 /* Project object */;
}
